
Microsoft Visual Studio Solution File, Format Version 12.00
# Visual Studio 14
VisualStudioVersion = 14.0.25420.1
MinimumVisualStudioVersion = 10.0.40219.1
Project("{8BC9CEB8-8B4A-11D0-8D11-00A0C91BC942}") = "TGMTtemplate", "TGMTtemplate\TGMTtemplate.vcxproj", "{4B803BD0-2F72-4418-8971-F85F9565A2FE}"
EndProject
Project("{8BC9CEB8-8B4A-11D0-8D11-00A0C91BC942}") = "TGMTbridge", "TGMTbridge\TGMTbridge.vcxproj", "{1F78754B-FC7E-45D0-872E-2F3524254ECD}"
EndProject
Project("{FAE04EC0-301F-11D3-BF4B-00C04F79EFBC}") = "UI", "UI\UI.csproj", "{B199FEC9-9BC3-4F81-ADE6-ED20D2576ED6}"
EndProject
Global
	GlobalSection(SolutionConfigurationPlatforms) = preSolution
		Debug|x64 = Debug|x64
		Release|x64 = Release|x64
	EndGlobalSection
	GlobalSection(ProjectConfigurationPlatforms) = postSolution
		{4B803BD0-2F72-4418-8971-F85F9565A2FE}.Debug|x64.ActiveCfg = Debug|x64
		{4B803BD0-2F72-4418-8971-F85F9565A2FE}.Debug|x64.Build.0 = Debug|x64
		{4B803BD0-2F72-4418-8971-F85F9565A2FE}.Release|x64.ActiveCfg = Release|x64
		{4B803BD0-2F72-4418-8971-F85F9565A2FE}.Release|x64.Build.0 = Release|x64
		{1F78754B-FC7E-45D0-872E-2F3524254ECD}.Debug|x64.ActiveCfg = Debug|x64
		{1F78754B-FC7E-45D0-872E-2F3524254ECD}.Debug|x64.Build.0 = Debug|x64
		{1F78754B-FC7E-45D0-872E-2F3524254ECD}.Release|x64.ActiveCfg = Release|x64
		{1F78754B-FC7E-45D0-872E-2F3524254ECD}.Release|x64.Build.0 = Release|x64
		{B199FEC9-9BC3-4F81-ADE6-ED20D2576ED6}.Debug|x64.ActiveCfg = Debug|x64
		{B199FEC9-9BC3-4F81-ADE6-ED20D2576ED6}.Debug|x64.Build.0 = Debug|x64
		{B199FEC9-9BC3-4F81-ADE6-ED20D2576ED6}.Release|x64.ActiveCfg = Release|x64
		{B199FEC9-9BC3-4F81-ADE6-ED20D2576ED6}.Release|x64.Build.0 = Release|x64
	EndGlobalSection
	GlobalSection(SolutionProperties) = preSolution
		HideSolutionNode = FALSE
	EndGlobalSection
EndGlobal
